
Microsoft Visual Studio Solution File, Format Version 12.00
# Visual Studio Version 17
VisualStudioVersion = 17.13.35919.96 d17.13
MinimumVisualStudioVersion = 10.0.40219.1
Project("{FAE04EC0-301F-11D3-BF4B-00C04F79EFBC}") = "MauiAppTempoAgora", "MauiAppTempoAgora\MauiAppTempoAgora.csproj", "{34C6C84F-3BD3-48C0-8507-CF7616D4523E}"
EndProject
Global
	GlobalSection(SolutionConfigurationPlatforms) = preSolution
		Debug|Any CPU = Debug|Any CPU
		Release|Any CPU = Release|Any CPU
	EndGlobalSection
	GlobalSection(ProjectConfigurationPlatforms) = postSolution
		{34C6C84F-3BD3-48C0-8507-CF7616D4523E}.Debug|Any CPU.ActiveCfg = Debug|Any CPU
		{34C6C84F-3BD3-48C0-8507-CF7616D4523E}.Debug|Any CPU.Build.0 = Debug|Any CPU
		{34C6C84F-3BD3-48C0-8507-CF7616D4523E}.Debug|Any CPU.Deploy.0 = Debug|Any CPU
		{34C6C84F-3BD3-48C0-8507-CF7616D4523E}.Release|Any CPU.ActiveCfg = Release|Any CPU
		{34C6C84F-3BD3-48C0-8507-CF7616D4523E}.Release|Any CPU.Build.0 = Release|Any CPU
		{34C6C84F-3BD3-48C0-8507-CF7616D4523E}.Release|Any CPU.Deploy.0 = Release|Any CPU
	EndGlobalSection
	GlobalSection(SolutionProperties) = preSolution
		HideSolutionNode = FALSE
	EndGlobalSection
	GlobalSection(ExtensibilityGlobals) = postSolution
		SolutionGuid = {8B0E8D7F-5C4E-4C45-893D-5C52A57CF990}
	EndGlobalSection
EndGlobal
